
Microsoft Visual Studio Solution File, Format Version 12.00
# Visual Studio Version 17
VisualStudioVersion = 17.2.32505.173
MinimumVisualStudioVersion = 10.0.40219.1
Project("{FAE04EC0-301F-11D3-BF4B-00C04F79EFBC}") = "Tests", "Automation2\Tests.csproj", "{76A9E8C6-B0CC-4FD2-9911-28B9F12670BE}"
EndProject
Project("{FAE04EC0-301F-11D3-BF4B-00C04F79EFBC}") = "Framework", "Framework\Framework.csproj", "{B95BEE8A-95AE-4C82-A817-D995B7EDCFF5}"
EndProject
Global
	GlobalSection(SolutionConfigurationPlatforms) = preSolution
		Debug|Any CPU = Debug|Any CPU
		Release|Any CPU = Release|Any CPU
	EndGlobalSection
	GlobalSection(ProjectConfigurationPlatforms) = postSolution
		{76A9E8C6-B0CC-4FD2-9911-28B9F12670BE}.Debug|Any CPU.ActiveCfg = Debug|Any CPU
		{76A9E8C6-B0CC-4FD2-9911-28B9F12670BE}.Debug|Any CPU.Build.0 = Debug|Any CPU
		{76A9E8C6-B0CC-4FD2-9911-28B9F12670BE}.Release|Any CPU.ActiveCfg = Release|Any CPU
		{76A9E8C6-B0CC-4FD2-9911-28B9F12670BE}.Release|Any CPU.Build.0 = Release|Any CPU
		{B95BEE8A-95AE-4C82-A817-D995B7EDCFF5}.Debug|Any CPU.ActiveCfg = Debug|Any CPU
		{B95BEE8A-95AE-4C82-A817-D995B7EDCFF5}.Debug|Any CPU.Build.0 = Debug|Any CPU
		{B95BEE8A-95AE-4C82-A817-D995B7EDCFF5}.Release|Any CPU.ActiveCfg = Release|Any CPU
		{B95BEE8A-95AE-4C82-A817-D995B7EDCFF5}.Release|Any CPU.Build.0 = Release|Any CPU
	EndGlobalSection
	GlobalSection(SolutionProperties) = preSolution
		HideSolutionNode = FALSE
	EndGlobalSection
	GlobalSection(ExtensibilityGlobals) = postSolution
		SolutionGuid = {37C2E92C-7A05-4A32-8227-FA42174C33A0}
	EndGlobalSection
EndGlobal
